# THIS IS AN AUTOGENERATED FILE. DO NOT EDIT THIS FILE DIRECTLY.
# yarn lockfile v1


coffee-script@^1.7.1:
  version "1.12.7"
  resolved "https://registry.npm.taobao.org/coffee-script/download/coffee-script-1.12.7.tgz?cache=0&sync_timestamp=1560427549197&other_urls=https%3A%2F%2Fregistry.npm.taobao.org%2Fcoffee-script%2Fdownload%2Fcoffee-script-1.12.7.tgz#c05dae0cb79591d05b3070a8433a98c9a89ccc53"
  integrity sha1-wF2uDLeVkdBbMHCoQzqYyaiczFM=

iconv-lite@^0.4.13, iconv-lite@^0.4.4:
  version "0.4.24"
  resolved "https://registry.npm.taobao.org/iconv-lite/download/iconv-lite-0.4.24.tgz?cache=0&sync_timestamp=1579333981154&other_urls=https%3A%2F%2Fregistry.npm.taobao.org%2Ficonv-lite%2Fdownload%2Ficonv-lite-0.4.24.tgz#2022b4b25fbddc21d2f524974a474aafe733908b"
  integrity sha1-ICK0sl+93CHS9SSXSkdKr+czkIs=
  dependencies:
    safer-buffer ">= 2.1.2 < 3"

jspack@0.0.4:
  version "0.0.4"
  resolved "https://registry.npm.taobao.org/jspack/download/jspack-0.0.4.tgz#32dd35c7fdcb3e3456c18fbb7ef9ed0bc6238177"
  integrity sha1-Mt01x/3LPjRWwY+7fvntC8YjgXc=

lodash@^4.17.15:
  version "4.17.15"
  resolved "https://registry.npm.taobao.org/lodash/download/lodash-4.17.15.tgz?cache=0&other_urls=https%3A%2F%2Fregistry.npm.taobao.org%2Flodash%2Fdownload%2Flodash-4.17.15.tgz#b447f6670a0455bbfeedd11392eff330ea097548"
  integrity sha1-tEf2ZwoEVbv+7dETku/zMOoJdUg=

parse-engine-data@^0.1.2:
  version "0.1.2"
  resolved "https://registry.npm.taobao.org/parse-engine-data/download/parse-engine-data-0.1.2.tgz#5161f6133c9888f52155ecced42716575dfea052"
  integrity sha1-UWH2EzyYiPUhVezO1CcWV13+oFI=
  dependencies:
    iconv-lite "^0.4.4"

pngjs@^3.4.0:
  version "3.4.0"
  resolved "https://registry.npm.taobao.org/pngjs/download/pngjs-3.4.0.tgz#99ca7d725965fb655814eaf65f38f12bbdbf555f"
  integrity sha1-mcp9clll+2VYFOr2XzjxK72/VV8=

rsvp@^3.0.21:
  version "3.6.2"
  resolved "https://registry.npm.taobao.org/rsvp/download/rsvp-3.6.2.tgz#2e96491599a96cde1b515d5674a8f7a91452926a"
  integrity sha1-LpZJFZmpbN4bUV1WdKj3qRRSkmo=

"safer-buffer@>= 2.1.2 < 3":
  version "2.1.2"
  resolved "https://registry.npm.taobao.org/safer-buffer/download/safer-buffer-2.1.2.tgz?cache=0&other_urls=https%3A%2F%2Fregistry.npm.taobao.org%2Fsafer-buffer%2Fdownload%2Fsafer-buffer-2.1.2.tgz#44fa161b0187b9549dd84bb91802f9bd8385cd6a"
  integrity sha1-RPoWGwGHuVSd2Eu5GAL5vYOFzWo=
